# This file is automatically @generated by Poetry and should not be changed by hand.
# It pins the resolved versions xgrep reads when building the SBOM for the
# dependency (SCA) scan. Every version here is intentionally old.

[[package]]
name = "flask"
version = "0.12.2"
description = "A microframework based on Werkzeug, Jinja2 and good intentions"
category = "main"
optional = false
python-versions = "*"

[[package]]
name = "werkzeug"
version = "0.14.1"
description = "The comprehensive WSGI web application library."
category = "main"
optional = false
python-versions = "*"

[[package]]
name = "jinja2"
version = "2.10"
description = "A small but fast and easy to use stand-alone template engine."
category = "main"
optional = false
python-versions = "*"

[[package]]
name = "requests"
version = "2.19.1"
description = "Python HTTP for Humans."
category = "main"
optional = false
python-versions = "*"

[[package]]
name = "urllib3"
version = "1.24.1"
description = "HTTP library with thread-safe connection pooling, file post, and more."
category = "main"
optional = false
python-versions = "*"

[[package]]
name = "pyyaml"
version = "5.1"
description = "YAML parser and emitter for Python"
category = "main"
optional = false
python-versions = "*"

[[package]]
name = "pyjwt"
version = "1.5.0"
description = "JSON Web Token implementation in Python"
category = "main"
optional = false
python-versions = "*"

[[package]]
name = "cryptography"
version = "2.3"
description = "cryptography is a package which provides cryptographic recipes and primitives."
category = "main"
optional = false
python-versions = "*"

[metadata]
lock-version = "1.1"
python-versions = "^3.9"
content-hash = "0000000000000000000000000000000000000000000000000000000000000000"
